
Microsoft Visual Studio Solution File, Format Version 12.00
# Visual Studio Version 16
VisualStudioVersion = 16.0.29728.190
MinimumVisualStudioVersion = 10.0.40219.1
Project("{FAE04EC0-301F-11D3-BF4B-00C04F79EFBC}") = "Calculator V2", "Calculator V2.csproj", "{D5D3E896-BA57-4F07-A3BE-814098D05335}"
EndProject
Global
	GlobalSection(SolutionConfigurationPlatforms) = preSolution
		Debug|Any CPU = Debug|Any CPU
		Release|Any CPU = Release|Any CPU
	EndGlobalSection
	GlobalSection(ProjectConfigurationPlatforms) = postSolution
		{D5D3E896-BA57-4F07-A3BE-814098D05335}.Debug|Any CPU.ActiveCfg = Debug|Any CPU
		{D5D3E896-BA57-4F07-A3BE-814098D05335}.Debug|Any CPU.Build.0 = Debug|Any CPU
		{D5D3E896-BA57-4F07-A3BE-814098D05335}.Release|Any CPU.ActiveCfg = Release|Any CPU
		{D5D3E896-BA57-4F07-A3BE-814098D05335}.Release|Any CPU.Build.0 = Release|Any CPU
	EndGlobalSection
	GlobalSection(SolutionProperties) = preSolution
		HideSolutionNode = FALSE
	EndGlobalSection
	GlobalSection(ExtensibilityGlobals) = postSolution
		SolutionGuid = {78981718-DD9B-4950-9EB8-1685797BC3FE}
	EndGlobalSection
EndGlobal
